
Microsoft Visual Studio Solution File, Format Version 12.00
Project("{F2A71F9B-5D33-465A-A702-920D77279786}") = "Chapter3", "Chapter3.fsproj", "{5CCAA15A-3B23-4600-90D8-7927294D3408}"
EndProject
Global
	GlobalSection(SolutionConfigurationPlatforms) = preSolution
		Debug|Any CPU = Debug|Any CPU
		Release|Any CPU = Release|Any CPU
	EndGlobalSection
	GlobalSection(ProjectConfigurationPlatforms) = postSolution
		{5CCAA15A-3B23-4600-90D8-7927294D3408}.Debug|Any CPU.ActiveCfg = Debug|Any CPU
		{5CCAA15A-3B23-4600-90D8-7927294D3408}.Debug|Any CPU.Build.0 = Debug|Any CPU
		{5CCAA15A-3B23-4600-90D8-7927294D3408}.Release|Any CPU.ActiveCfg = Release|Any CPU
		{5CCAA15A-3B23-4600-90D8-7927294D3408}.Release|Any CPU.Build.0 = Release|Any CPU
	EndGlobalSection
EndGlobal
